
Microsoft Visual Studio Solution File, Format Version 12.00
# Visual Studio 14
VisualStudioVersion = 14.0.25123.0
MinimumVisualStudioVersion = 10.0.40219.1
Project("{2150E333-8FDC-42A3-9474-1A3956D46DE8}") = "Apps", "Apps", "{215381F9-22C7-4993-9E4F-D23472C8796E}"
EndProject
Project("{FAE04EC0-301F-11D3-BF4B-00C04F79EFBC}") = "WoodenMoose.UWP", "Apps\WoodenMoose.Windows\WoodenMoose.UWP.csproj", "{7136CE40-2531-4F6F-91FF-C2CC894EF257}"
EndProject
Project("{FAE04EC0-301F-11D3-BF4B-00C04F79EFBC}") = "WoodenMoose.Core", "WoodenMoose.Core\WoodenMoose.Core.csproj", "{63BD72DB-2FA3-4E4C-9965-C84F3759605C}"
EndProject
Project("{FAE04EC0-301F-11D3-BF4B-00C04F79EFBC}") = "WoodenMoose.iOS", "Apps\WoodenMoose.iOS\WoodenMoose.iOS.csproj", "{BC99ECE0-6DAB-4431-AB85-ED53BE0E2A3C}"
EndProject
Project("{FAE04EC0-301F-11D3-BF4B-00C04F79EFBC}") = "WoodenMoose.Android", "Apps\WoodenMoose.Android\WoodenMoose.Android.csproj", "{B224D430-209B-4291-A28D-DE75951096FF}"
EndProject
Project("{FAE04EC0-301F-11D3-BF4B-00C04F79EFBC}") = "Microsoft.Marketplace.Storefront.Contracts", "Microsoft.Marketplace.Storefront.Contracts\Microsoft.Marketplace.Storefront.Contracts.csproj", "{4C3FF74B-6CB0-4299-A6B5-60D90DB768AF}"
EndProject
Global
	GlobalSection(SolutionConfigurationPlatforms) = preSolution
		Ad-Hoc|Any CPU = Ad-Hoc|Any CPU
		Ad-Hoc|ARM = Ad-Hoc|ARM
		Ad-Hoc|iPhone = Ad-Hoc|iPhone
		Ad-Hoc|iPhoneSimulator = Ad-Hoc|iPhoneSimulator
		Ad-Hoc|x64 = Ad-Hoc|x64
		Ad-Hoc|x86 = Ad-Hoc|x86
		AppStore|Any CPU = AppStore|Any CPU
		AppStore|ARM = AppStore|ARM
		AppStore|iPhone = AppStore|iPhone
		AppStore|iPhoneSimulator = AppStore|iPhoneSimulator
		AppStore|x64 = AppStore|x64
		AppStore|x86 = AppStore|x86
		Debug|Any CPU = Debug|Any CPU
		Debug|ARM = Debug|ARM
		Debug|iPhone = Debug|iPhone
		Debug|iPhoneSimulator = Debug|iPhoneSimulator
		Debug|x64 = Debug|x64
		Debug|x86 = Debug|x86
		Release|Any CPU = Release|Any CPU
		Release|ARM = Release|ARM
		Release|iPhone = Release|iPhone
		Release|iPhoneSimulator = Release|iPhoneSimulator
		Release|x64 = Release|x64
		Release|x86 = Release|x86
	EndGlobalSection
	GlobalSection(ProjectConfigurationPlatforms) = postSolution
		{7136CE40-2531-4F6F-91FF-C2CC894EF257}.Ad-Hoc|Any CPU.ActiveCfg = Release|x64
		{7136CE40-2531-4F6F-91FF-C2CC894EF257}.Ad-Hoc|Any CPU.Build.0 = Release|x64
		{7136CE40-2531-4F6F-91FF-C2CC894EF257}.Ad-Hoc|Any CPU.Deploy.0 = Release|x64
		{7136CE40-2531-4F6F-91FF-C2CC894EF257}.Ad-Hoc|ARM.ActiveCfg = Release|ARM
		{7136CE40-2531-4F6F-91FF-C2CC894EF257}.Ad-Hoc|ARM.Build.0 = Release|ARM
		{7136CE40-2531-4F6F-91FF-C2CC894EF257}.Ad-Hoc|ARM.Deploy.0 = Release|ARM
		{7136CE40-2531-4F6F-91FF-C2CC894EF257}.Ad-Hoc|iPhone.ActiveCfg = Release|x64
		{7136CE40-2531-4F6F-91FF-C2CC894EF257}.Ad-Hoc|iPhone.Build.0 = Release|x64
		{7136CE40-2531-4F6F-91FF-C2CC894EF257}.Ad-Hoc|iPhone.Deploy.0 = Release|x64
		{7136CE40-2531-4F6F-91FF-C2CC894EF257}.Ad-Hoc|iPhoneSimulator.ActiveCfg = Release|x64
		{7136CE40-2531-4F6F-91FF-C2CC894EF257}.Ad-Hoc|iPhoneSimulator.Build.0 = Release|x64
		{7136CE40-2531-4F6F-91FF-C2CC894EF257}.Ad-Hoc|iPhoneSimulator.Deploy.0 = Release|x64
		{7136CE40-2531-4F6F-91FF-C2CC894EF257}.Ad-Hoc|x64.ActiveCfg = Release|x64
		{7136CE40-2531-4F6F-91FF-C2CC894EF257}.Ad-Hoc|x64.Build.0 = Release|x64
		{7136CE40-2531-4F6F-91FF-C2CC894EF257}.Ad-Hoc|x64.Deploy.0 = Release|x64
		{7136CE40-2531-4F6F-91FF-C2CC894EF257}.Ad-Hoc|x86.ActiveCfg = Release|x86
		{7136CE40-2531-4F6F-91FF-C2CC894EF257}.Ad-Hoc|x86.Build.0 = Release|x86
		{7136CE40-2531-4F6F-91FF-C2CC894EF257}.Ad-Hoc|x86.Deploy.0 = Release|x86
		{7136CE40-2531-4F6F-91FF-C2CC894EF257}.AppStore|Any CPU.ActiveCfg = Release|x64
		{7136CE40-2531-4F6F-91FF-C2CC894EF257}.AppStore|Any CPU.Build.0 = Release|x64
		{7136CE40-2531-4F6F-91FF-C2CC894EF257}.AppStore|Any CPU.Deploy.0 = Release|x64
		{7136CE40-2531-4F6F-91FF-C2CC894EF257}.AppStore|ARM.ActiveCfg = Release|ARM
		{7136CE40-2531-4F6F-91FF-C2CC894EF257}.AppStore|ARM.Build.0 = Release|ARM
		{7136CE40-2531-4F6F-91FF-C2CC894EF257}.AppStore|ARM.Deploy.0 = Release|ARM
		{7136CE40-2531-4F6F-91FF-C2CC894EF257}.AppStore|iPhone.ActiveCfg = Release|x64
		{7136CE40-2531-4F6F-91FF-C2CC894EF257}.AppStore|iPhone.Build.0 = Release|x64
		{7136CE40-2531-4F6F-91FF-C2CC894EF257}.AppStore|iPhone.Deploy.0 = Release|x64
		{7136CE40-2531-4F6F-91FF-C2CC894EF257}.AppStore|iPhoneSimulator.ActiveCfg = Release|x64
		{7136CE40-2531-4F6F-91FF-C2CC894EF257}.AppStore|iPhoneSimulator.Build.0 = Release|x64
		{7136CE40-2531-4F6F-91FF-C2CC894EF257}.AppStore|iPhoneSimulator.Deploy.0 = Release|x64
		{7136CE40-2531-4F6F-91FF-C2CC894EF257}.AppStore|x64.ActiveCfg = Release|x64
		{7136CE40-2531-4F6F-91FF-C2CC894EF257}.AppStore|x64.Build.0 = Release|x64
		{7136CE40-2531-4F6F-91FF-C2CC894EF257}.AppStore|x64.Deploy.0 = Release|x64
		{7136CE40-2531-4F6F-91FF-C2CC894EF257}.AppStore|x86.ActiveCfg = Release|x86
		{7136CE40-2531-4F6F-91FF-C2CC894EF257}.AppStore|x86.Build.0 = Release|x86
		{7136CE40-2531-4F6F-91FF-C2CC894EF257}.AppStore|x86.Deploy.0 = Release|x86
		{7136CE40-2531-4F6F-91FF-C2CC894EF257}.Debug|Any CPU.ActiveCfg = Debug|x86
		{7136CE40-2531-4F6F-91FF-C2CC894EF257}.Debug|ARM.ActiveCfg = Debug|ARM
		{7136CE40-2531-4F6F-91FF-C2CC894EF257}.Debug|ARM.Build.0 = Debug|ARM
		{7136CE40-2531-4F6F-91FF-C2CC894EF257}.Debug|ARM.Deploy.0 = Debug|ARM
		{7136CE40-2531-4F6F-91FF-C2CC894EF257}.Debug|iPhone.ActiveCfg = Debug|x86
		{7136CE40-2531-4F6F-91FF-C2CC894EF257}.Debug|iPhoneSimulator.ActiveCfg = Debug|x86
		{7136CE40-2531-4F6F-91FF-C2CC894EF257}.Debug|x64.ActiveCfg = Debug|x64
		{7136CE40-2531-4F6F-91FF-C2CC894EF257}.Debug|x64.Build.0 = Debug|x64
		{7136CE40-2531-4F6F-91FF-C2CC894EF257}.Debug|x64.Deploy.0 = Debug|x64
		{7136CE40-2531-4F6F-91FF-C2CC894EF257}.Debug|x86.ActiveCfg = Debug|x86
		{7136CE40-2531-4F6F-91FF-C2CC894EF257}.Debug|x86.Build.0 = Debug|x86
		{7136CE40-2531-4F6F-91FF-C2CC894EF257}.Debug|x86.Deploy.0 = Debug|x86
		{7136CE40-2531-4F6F-91FF-C2CC894EF257}.Release|Any CPU.ActiveCfg = Release|x86
		{7136CE40-2531-4F6F-91FF-C2CC894EF257}.Release|ARM.ActiveCfg = Release|ARM
		{7136CE40-2531-4F6F-91FF-C2CC894EF257}.Release|ARM.Build.0 = Release|ARM
		{7136CE40-2531-4F6F-91FF-C2CC894EF257}.Release|ARM.Deploy.0 = Release|ARM
		{7136CE40-2531-4F6F-91FF-C2CC894EF257}.Release|iPhone.ActiveCfg = Release|x86
		{7136CE40-2531-4F6F-91FF-C2CC894EF257}.Release|iPhoneSimulator.ActiveCfg = Release|x86
		{7136CE40-2531-4F6F-91FF-C2CC894EF257}.Release|x64.ActiveCfg = Release|x64
		{7136CE40-2531-4F6F-91FF-C2CC894EF257}.Release|x64.Build.0 = Release|x64
		{7136CE40-2531-4F6F-91FF-C2CC894EF257}.Release|x64.Deploy.0 = Release|x64
		{7136CE40-2531-4F6F-91FF-C2CC894EF257}.Release|x86.ActiveCfg = Release|x86
		{7136CE40-2531-4F6F-91FF-C2CC894EF257}.Release|x86.Build.0 = Release|x86
		{7136CE40-2531-4F6F-91FF-C2CC894EF257}.Release|x86.Deploy.0 = Release|x86
		{63BD72DB-2FA3-4E4C-9965-C84F3759605C}.Ad-Hoc|Any CPU.ActiveCfg = Release|Any CPU
		{63BD72DB-2FA3-4E4C-9965-C84F3759605C}.Ad-Hoc|Any CPU.Build.0 = Release|Any CPU
		{63BD72DB-2FA3-4E4C-9965-C84F3759605C}.Ad-Hoc|ARM.ActiveCfg = Release|Any CPU
		{63BD72DB-2FA3-4E4C-9965-C84F3759605C}.Ad-Hoc|ARM.Build.0 = Release|Any CPU
		{63BD72DB-2FA3-4E4C-9965-C84F3759605C}.Ad-Hoc|iPhone.ActiveCfg = Release|Any CPU
		{63BD72DB-2FA3-4E4C-9965-C84F3759605C}.Ad-Hoc|iPhone.Build.0 = Release|Any CPU
		{63BD72DB-2FA3-4E4C-9965-C84F3759605C}.Ad-Hoc|iPhoneSimulator.ActiveCfg = Release|Any CPU
		{63BD72DB-2FA3-4E4C-9965-C84F3759605C}.Ad-Hoc|iPhoneSimulator.Build.0 = Release|Any CPU
		{63BD72DB-2FA3-4E4C-9965-C84F3759605C}.Ad-Hoc|x64.ActiveCfg = Release|Any CPU
		{63BD72DB-2FA3-4E4C-9965-C84F3759605C}.Ad-Hoc|x64.Build.0 = Release|Any CPU
		{63BD72DB-2FA3-4E4C-9965-C84F3759605C}.Ad-Hoc|x86.ActiveCfg = Release|Any CPU
		{63BD72DB-2FA3-4E4C-9965-C84F3759605C}.Ad-Hoc|x86.Build.0 = Release|Any CPU
		{63BD72DB-2FA3-4E4C-9965-C84F3759605C}.AppStore|Any CPU.ActiveCfg = Release|Any CPU
		{63BD72DB-2FA3-4E4C-9965-C84F3759605C}.AppStore|Any CPU.Build.0 = Release|Any CPU
		{63BD72DB-2FA3-4E4C-9965-C84F3759605C}.AppStore|ARM.ActiveCfg = Release|Any CPU
		{63BD72DB-2FA3-4E4C-9965-C84F3759605C}.AppStore|ARM.Build.0 = Release|Any CPU
		{63BD72DB-2FA3-4E4C-9965-C84F3759605C}.AppStore|iPhone.ActiveCfg = Release|Any CPU
		{63BD72DB-2FA3-4E4C-9965-C84F3759605C}.AppStore|iPhone.Build.0 = Release|Any CPU
		{63BD72DB-2FA3-4E4C-9965-C84F3759605C}.AppStore|iPhoneSimulator.ActiveCfg = Release|Any CPU
		{63BD72DB-2FA3-4E4C-9965-C84F3759605C}.AppStore|iPhoneSimulator.Build.0 = Release|Any CPU
		{63BD72DB-2FA3-4E4C-9965-C84F3759605C}.AppStore|x64.ActiveCfg = Release|Any CPU
		{63BD72DB-2FA3-4E4C-9965-C84F3759605C}.AppStore|x64.Build.0 = Release|Any CPU
		{63BD72DB-2FA3-4E4C-9965-C84F3759605C}.AppStore|x86.ActiveCfg = Release|Any CPU
		{63BD72DB-2FA3-4E4C-9965-C84F3759605C}.AppStore|x86.Build.0 = Release|Any CPU
		{63BD72DB-2FA3-4E4C-9965-C84F3759605C}.Debug|Any CPU.ActiveCfg = Debug|Any CPU
		{63BD72DB-2FA3-4E4C-9965-C84F3759605C}.Debug|Any CPU.Build.0 = Debug|Any CPU
		{63BD72DB-2FA3-4E4C-9965-C84F3759605C}.Debug|ARM.ActiveCfg = Debug|Any CPU
		{63BD72DB-2FA3-4E4C-9965-C84F3759605C}.Debug|ARM.Build.0 = Debug|Any CPU
		{63BD72DB-2FA3-4E4C-9965-C84F3759605C}.Debug|iPhone.ActiveCfg = Debug|Any CPU
		{63BD72DB-2FA3-4E4C-9965-C84F3759605C}.Debug|iPhone.Build.0 = Debug|Any CPU
		{63BD72DB-2FA3-4E4C-9965-C84F3759605C}.Debug|iPhoneSimulator.ActiveCfg = Debug|Any CPU
		{63BD72DB-2FA3-4E4C-9965-C84F3759605C}.Debug|iPhoneSimulator.Build.0 = Debug|Any CPU
		{63BD72DB-2FA3-4E4C-9965-C84F3759605C}.Debug|x64.ActiveCfg = Debug|Any CPU
		{63BD72DB-2FA3-4E4C-9965-C84F3759605C}.Debug|x64.Build.0 = Debug|Any CPU
		{63BD72DB-2FA3-4E4C-9965-C84F3759605C}.Debug|x86.ActiveCfg = Debug|Any CPU
		{63BD72DB-2FA3-4E4C-9965-C84F3759605C}.Debug|x86.Build.0 = Debug|Any CPU
		{63BD72DB-2FA3-4E4C-9965-C84F3759605C}.Release|Any CPU.ActiveCfg = Release|Any CPU
		{63BD72DB-2FA3-4E4C-9965-C84F3759605C}.Release|Any CPU.Build.0 = Release|Any CPU
		{63BD72DB-2FA3-4E4C-9965-C84F3759605C}.Release|ARM.ActiveCfg = Release|Any CPU
		{63BD72DB-2FA3-4E4C-9965-C84F3759605C}.Release|ARM.Build.0 = Release|Any CPU
		{63BD72DB-2FA3-4E4C-9965-C84F3759605C}.Release|iPhone.ActiveCfg = Release|Any CPU
		{63BD72DB-2FA3-4E4C-9965-C84F3759605C}.Release|iPhone.Build.0 = Release|Any CPU
		{63BD72DB-2FA3-4E4C-9965-C84F3759605C}.Release|iPhoneSimulator.ActiveCfg = Release|Any CPU
		{63BD72DB-2FA3-4E4C-9965-C84F3759605C}.Release|iPhoneSimulator.Build.0 = Release|Any CPU
		{63BD72DB-2FA3-4E4C-9965-C84F3759605C}.Release|x64.ActiveCfg = Release|Any CPU
		{63BD72DB-2FA3-4E4C-9965-C84F3759605C}.Release|x64.Build.0 = Release|Any CPU
		{63BD72DB-2FA3-4E4C-9965-C84F3759605C}.Release|x86.ActiveCfg = Release|Any CPU
		{63BD72DB-2FA3-4E4C-9965-C84F3759605C}.Release|x86.Build.0 = Release|Any CPU
		{BC99ECE0-6DAB-4431-AB85-ED53BE0E2A3C}.Ad-Hoc|Any CPU.ActiveCfg = Ad-Hoc|iPhone
		{BC99ECE0-6DAB-4431-AB85-ED53BE0E2A3C}.Ad-Hoc|ARM.ActiveCfg = Ad-Hoc|iPhone
		{BC99ECE0-6DAB-4431-AB85-ED53BE0E2A3C}.Ad-Hoc|iPhone.ActiveCfg = Ad-Hoc|iPhone
		{BC99ECE0-6DAB-4431-AB85-ED53BE0E2A3C}.Ad-Hoc|iPhone.Build.0 = Ad-Hoc|iPhone
		{BC99ECE0-6DAB-4431-AB85-ED53BE0E2A3C}.Ad-Hoc|iPhoneSimulator.ActiveCfg = Ad-Hoc|iPhoneSimulator
		{BC99ECE0-6DAB-4431-AB85-ED53BE0E2A3C}.Ad-Hoc|iPhoneSimulator.Build.0 = Ad-Hoc|iPhoneSimulator
		{BC99ECE0-6DAB-4431-AB85-ED53BE0E2A3C}.Ad-Hoc|x64.ActiveCfg = Ad-Hoc|iPhone
		{BC99ECE0-6DAB-4431-AB85-ED53BE0E2A3C}.Ad-Hoc|x86.ActiveCfg = Ad-Hoc|iPhone
		{BC99ECE0-6DAB-4431-AB85-ED53BE0E2A3C}.AppStore|Any CPU.ActiveCfg = AppStore|iPhone
		{BC99ECE0-6DAB-4431-AB85-ED53BE0E2A3C}.AppStore|ARM.ActiveCfg = AppStore|iPhone
		{BC99ECE0-6DAB-4431-AB85-ED53BE0E2A3C}.AppStore|iPhone.ActiveCfg = AppStore|iPhone
		{BC99ECE0-6DAB-4431-AB85-ED53BE0E2A3C}.AppStore|iPhone.Build.0 = AppStore|iPhone
		{BC99ECE0-6DAB-4431-AB85-ED53BE0E2A3C}.AppStore|iPhoneSimulator.ActiveCfg = AppStore|iPhoneSimulator
		{BC99ECE0-6DAB-4431-AB85-ED53BE0E2A3C}.AppStore|iPhoneSimulator.Build.0 = AppStore|iPhoneSimulator
		{BC99ECE0-6DAB-4431-AB85-ED53BE0E2A3C}.AppStore|x64.ActiveCfg = AppStore|iPhone
		{BC99ECE0-6DAB-4431-AB85-ED53BE0E2A3C}.AppStore|x86.ActiveCfg = AppStore|iPhone
		{BC99ECE0-6DAB-4431-AB85-ED53BE0E2A3C}.Debug|Any CPU.ActiveCfg = Debug|iPhone
		{BC99ECE0-6DAB-4431-AB85-ED53BE0E2A3C}.Debug|ARM.ActiveCfg = Debug|iPhone
		{BC99ECE0-6DAB-4431-AB85-ED53BE0E2A3C}.Debug|iPhone.ActiveCfg = Debug|iPhone
		{BC99ECE0-6DAB-4431-AB85-ED53BE0E2A3C}.Debug|iPhone.Build.0 = Debug|iPhone
		{BC99ECE0-6DAB-4431-AB85-ED53BE0E2A3C}.Debug|iPhoneSimulator.ActiveCfg = Debug|iPhoneSimulator
		{BC99ECE0-6DAB-4431-AB85-ED53BE0E2A3C}.Debug|iPhoneSimulator.Build.0 = Debug|iPhoneSimulator
		{BC99ECE0-6DAB-4431-AB85-ED53BE0E2A3C}.Debug|x64.ActiveCfg = Debug|iPhone
		{BC99ECE0-6DAB-4431-AB85-ED53BE0E2A3C}.Debug|x86.ActiveCfg = Debug|iPhone
		{BC99ECE0-6DAB-4431-AB85-ED53BE0E2A3C}.Release|Any CPU.ActiveCfg = Release|iPhone
		{BC99ECE0-6DAB-4431-AB85-ED53BE0E2A3C}.Release|ARM.ActiveCfg = Release|iPhone
		{BC99ECE0-6DAB-4431-AB85-ED53BE0E2A3C}.Release|iPhone.ActiveCfg = Release|iPhone
		{BC99ECE0-6DAB-4431-AB85-ED53BE0E2A3C}.Release|iPhone.Build.0 = Release|iPhone
		{BC99ECE0-6DAB-4431-AB85-ED53BE0E2A3C}.Release|iPhoneSimulator.ActiveCfg = Release|iPhoneSimulator
		{BC99ECE0-6DAB-4431-AB85-ED53BE0E2A3C}.Release|iPhoneSimulator.Build.0 = Release|iPhoneSimulator
		{BC99ECE0-6DAB-4431-AB85-ED53BE0E2A3C}.Release|x64.ActiveCfg = Release|iPhone
		{BC99ECE0-6DAB-4431-AB85-ED53BE0E2A3C}.Release|x86.ActiveCfg = Release|iPhone
		{B224D430-209B-4291-A28D-DE75951096FF}.Ad-Hoc|Any CPU.ActiveCfg = Release|Any CPU
		{B224D430-209B-4291-A28D-DE75951096FF}.Ad-Hoc|Any CPU.Build.0 = Release|Any CPU
		{B224D430-209B-4291-A28D-DE75951096FF}.Ad-Hoc|Any CPU.Deploy.0 = Release|Any CPU
		{B224D430-209B-4291-A28D-DE75951096FF}.Ad-Hoc|ARM.ActiveCfg = Release|Any CPU
		{B224D430-209B-4291-A28D-DE75951096FF}.Ad-Hoc|ARM.Build.0 = Release|Any CPU
		{B224D430-209B-4291-A28D-DE75951096FF}.Ad-Hoc|ARM.Deploy.0 = Release|Any CPU
		{B224D430-209B-4291-A28D-DE75951096FF}.Ad-Hoc|iPhone.ActiveCfg = Release|Any CPU
		{B224D430-209B-4291-A28D-DE75951096FF}.Ad-Hoc|iPhone.Build.0 = Release|Any CPU
		{B224D430-209B-4291-A28D-DE75951096FF}.Ad-Hoc|iPhone.Deploy.0 = Release|Any CPU
		{B224D430-209B-4291-A28D-DE75951096FF}.Ad-Hoc|iPhoneSimulator.ActiveCfg = Release|Any CPU
		{B224D430-209B-4291-A28D-DE75951096FF}.Ad-Hoc|iPhoneSimulator.Build.0 = Release|Any CPU
		{B224D430-209B-4291-A28D-DE75951096FF}.Ad-Hoc|iPhoneSimulator.Deploy.0 = Release|Any CPU
		{B224D430-209B-4291-A28D-DE75951096FF}.Ad-Hoc|x64.ActiveCfg = Release|Any CPU
		{B224D430-209B-4291-A28D-DE75951096FF}.Ad-Hoc|x64.Build.0 = Release|Any CPU
		{B224D430-209B-4291-A28D-DE75951096FF}.Ad-Hoc|x64.Deploy.0 = Release|Any CPU
		{B224D430-209B-4291-A28D-DE75951096FF}.Ad-Hoc|x86.ActiveCfg = Release|Any CPU
		{B224D430-209B-4291-A28D-DE75951096FF}.Ad-Hoc|x86.Build.0 = Release|Any CPU
		{B224D430-209B-4291-A28D-DE75951096FF}.Ad-Hoc|x86.Deploy.0 = Release|Any CPU
		{B224D430-209B-4291-A28D-DE75951096FF}.AppStore|Any CPU.ActiveCfg = Release|Any CPU
		{B224D430-209B-4291-A28D-DE75951096FF}.AppStore|Any CPU.Build.0 = Release|Any CPU
		{B224D430-209B-4291-A28D-DE75951096FF}.AppStore|Any CPU.Deploy.0 = Release|Any CPU
		{B224D430-209B-4291-A28D-DE75951096FF}.AppStore|ARM.ActiveCfg = Release|Any CPU
		{B224D430-209B-4291-A28D-DE75951096FF}.AppStore|ARM.Build.0 = Release|Any CPU
		{B224D430-209B-4291-A28D-DE75951096FF}.AppStore|ARM.Deploy.0 = Release|Any CPU
		{B224D430-209B-4291-A28D-DE75951096FF}.AppStore|iPhone.ActiveCfg = Release|Any CPU
		{B224D430-209B-4291-A28D-DE75951096FF}.AppStore|iPhone.Build.0 = Release|Any CPU
		{B224D430-209B-4291-A28D-DE75951096FF}.AppStore|iPhone.Deploy.0 = Release|Any CPU
		{B224D430-209B-4291-A28D-DE75951096FF}.AppStore|iPhoneSimulator.ActiveCfg = Release|Any CPU
		{B224D430-209B-4291-A28D-DE75951096FF}.AppStore|iPhoneSimulator.Build.0 = Release|Any CPU
		{B224D430-209B-4291-A28D-DE75951096FF}.AppStore|iPhoneSimulator.Deploy.0 = Release|Any CPU
		{B224D430-209B-4291-A28D-DE75951096FF}.AppStore|x64.ActiveCfg = Release|Any CPU
		{B224D430-209B-4291-A28D-DE75951096FF}.AppStore|x64.Build.0 = Release|Any CPU
		{B224D430-209B-4291-A28D-DE75951096FF}.AppStore|x64.Deploy.0 = Release|Any CPU
		{B224D430-209B-4291-A28D-DE75951096FF}.AppStore|x86.ActiveCfg = Release|Any CPU
		{B224D430-209B-4291-A28D-DE75951096FF}.AppStore|x86.Build.0 = Release|Any CPU
		{B224D430-209B-4291-A28D-DE75951096FF}.AppStore|x86.Deploy.0 = Release|Any CPU
		{B224D430-209B-4291-A28D-DE75951096FF}.Debug|Any CPU.ActiveCfg = Debug|Any CPU
		{B224D430-209B-4291-A28D-DE75951096FF}.Debug|Any CPU.Build.0 = Debug|Any CPU
		{B224D430-209B-4291-A28D-DE75951096FF}.Debug|Any CPU.Deploy.0 = Debug|Any CPU
		{B224D430-209B-4291-A28D-DE75951096FF}.Debug|ARM.ActiveCfg = Debug|Any CPU
		{B224D430-209B-4291-A28D-DE75951096FF}.Debug|ARM.Build.0 = Debug|Any CPU
		{B224D430-209B-4291-A28D-DE75951096FF}.Debug|ARM.Deploy.0 = Debug|Any CPU
		{B224D430-209B-4291-A28D-DE75951096FF}.Debug|iPhone.ActiveCfg = Debug|Any CPU
		{B224D430-209B-4291-A28D-DE75951096FF}.Debug|iPhone.Build.0 = Debug|Any CPU
		{B224D430-209B-4291-A28D-DE75951096FF}.Debug|iPhone.Deploy.0 = Debug|Any CPU
		{B224D430-209B-4291-A28D-DE75951096FF}.Debug|iPhoneSimulator.ActiveCfg = Debug|Any CPU
		{B224D430-209B-4291-A28D-DE75951096FF}.Debug|iPhoneSimulator.Build.0 = Debug|Any CPU
		{B224D430-209B-4291-A28D-DE75951096FF}.Debug|iPhoneSimulator.Deploy.0 = Debug|Any CPU
		{B224D430-209B-4291-A28D-DE75951096FF}.Debug|x64.ActiveCfg = Debug|Any CPU
		{B224D430-209B-4291-A28D-DE75951096FF}.Debug|x64.Build.0 = Debug|Any CPU
		{B224D430-209B-4291-A28D-DE75951096FF}.Debug|x64.Deploy.0 = Debug|Any CPU
		{B224D430-209B-4291-A28D-DE75951096FF}.Debug|x86.ActiveCfg = Debug|Any CPU
		{B224D430-209B-4291-A28D-DE75951096FF}.Debug|x86.Build.0 = Debug|Any CPU
		{B224D430-209B-4291-A28D-DE75951096FF}.Debug|x86.Deploy.0 = Debug|Any CPU
		{B224D430-209B-4291-A28D-DE75951096FF}.Release|Any CPU.ActiveCfg = Release|Any CPU
		{B224D430-209B-4291-A28D-DE75951096FF}.Release|Any CPU.Build.0 = Release|Any CPU
		{B224D430-209B-4291-A28D-DE75951096FF}.Release|Any CPU.Deploy.0 = Release|Any CPU
		{B224D430-209B-4291-A28D-DE75951096FF}.Release|ARM.ActiveCfg = Release|Any CPU
		{B224D430-209B-4291-A28D-DE75951096FF}.Release|ARM.Build.0 = Release|Any CPU
		{B224D430-209B-4291-A28D-DE75951096FF}.Release|ARM.Deploy.0 = Release|Any CPU
		{B224D430-209B-4291-A28D-DE75951096FF}.Release|iPhone.ActiveCfg = Release|Any CPU
		{B224D430-209B-4291-A28D-DE75951096FF}.Release|iPhone.Build.0 = Release|Any CPU
		{B224D430-209B-4291-A28D-DE75951096FF}.Release|iPhone.Deploy.0 = Release|Any CPU
		{B224D430-209B-4291-A28D-DE75951096FF}.Release|iPhoneSimulator.ActiveCfg = Release|Any CPU
		{B224D430-209B-4291-A28D-DE75951096FF}.Release|iPhoneSimulator.Build.0 = Release|Any CPU
		{B224D430-209B-4291-A28D-DE75951096FF}.Release|iPhoneSimulator.Deploy.0 = Release|Any CPU
		{B224D430-209B-4291-A28D-DE75951096FF}.Release|x64.ActiveCfg = Release|Any CPU
		{B224D430-209B-4291-A28D-DE75951096FF}.Release|x64.Build.0 = Release|Any CPU
		{B224D430-209B-4291-A28D-DE75951096FF}.Release|x64.Deploy.0 = Release|Any CPU
		{B224D430-209B-4291-A28D-DE75951096FF}.Release|x86.ActiveCfg = Release|Any CPU
		{B224D430-209B-4291-A28D-DE75951096FF}.Release|x86.Build.0 = Release|Any CPU
		{B224D430-209B-4291-A28D-DE75951096FF}.Release|x86.Deploy.0 = Release|Any CPU
		{4C3FF74B-6CB0-4299-A6B5-60D90DB768AF}.Ad-Hoc|Any CPU.ActiveCfg = Release|Any CPU
		{4C3FF74B-6CB0-4299-A6B5-60D90DB768AF}.Ad-Hoc|Any CPU.Build.0 = Release|Any CPU
		{4C3FF74B-6CB0-4299-A6B5-60D90DB768AF}.Ad-Hoc|ARM.ActiveCfg = Release|Any CPU
		{4C3FF74B-6CB0-4299-A6B5-60D90DB768AF}.Ad-Hoc|ARM.Build.0 = Release|Any CPU
		{4C3FF74B-6CB0-4299-A6B5-60D90DB768AF}.Ad-Hoc|iPhone.ActiveCfg = Release|Any CPU
		{4C3FF74B-6CB0-4299-A6B5-60D90DB768AF}.Ad-Hoc|iPhone.Build.0 = Release|Any CPU
		{4C3FF74B-6CB0-4299-A6B5-60D90DB768AF}.Ad-Hoc|iPhoneSimulator.ActiveCfg = Release|Any CPU
		{4C3FF74B-6CB0-4299-A6B5-60D90DB768AF}.Ad-Hoc|iPhoneSimulator.Build.0 = Release|Any CPU
		{4C3FF74B-6CB0-4299-A6B5-60D90DB768AF}.Ad-Hoc|x64.ActiveCfg = Release|Any CPU
		{4C3FF74B-6CB0-4299-A6B5-60D90DB768AF}.Ad-Hoc|x64.Build.0 = Release|Any CPU
		{4C3FF74B-6CB0-4299-A6B5-60D90DB768AF}.Ad-Hoc|x86.ActiveCfg = Release|Any CPU
		{4C3FF74B-6CB0-4299-A6B5-60D90DB768AF}.Ad-Hoc|x86.Build.0 = Release|Any CPU
		{4C3FF74B-6CB0-4299-A6B5-60D90DB768AF}.AppStore|Any CPU.ActiveCfg = Release|Any CPU
		{4C3FF74B-6CB0-4299-A6B5-60D90DB768AF}.AppStore|Any CPU.Build.0 = Release|Any CPU
		{4C3FF74B-6CB0-4299-A6B5-60D90DB768AF}.AppStore|ARM.ActiveCfg = Release|Any CPU
		{4C3FF74B-6CB0-4299-A6B5-60D90DB768AF}.AppStore|ARM.Build.0 = Release|Any CPU
		{4C3FF74B-6CB0-4299-A6B5-60D90DB768AF}.AppStore|iPhone.ActiveCfg = Release|Any CPU
		{4C3FF74B-6CB0-4299-A6B5-60D90DB768AF}.AppStore|iPhone.Build.0 = Release|Any CPU
		{4C3FF74B-6CB0-4299-A6B5-60D90DB768AF}.AppStore|iPhoneSimulator.ActiveCfg = Release|Any CPU
		{4C3FF74B-6CB0-4299-A6B5-60D90DB768AF}.AppStore|iPhoneSimulator.Build.0 = Release|Any CPU
		{4C3FF74B-6CB0-4299-A6B5-60D90DB768AF}.AppStore|x64.ActiveCfg = Release|Any CPU
		{4C3FF74B-6CB0-4299-A6B5-60D90DB768AF}.AppStore|x64.Build.0 = Release|Any CPU
		{4C3FF74B-6CB0-4299-A6B5-60D90DB768AF}.AppStore|x86.ActiveCfg = Release|Any CPU
		{4C3FF74B-6CB0-4299-A6B5-60D90DB768AF}.AppStore|x86.Build.0 = Release|Any CPU
		{4C3FF74B-6CB0-4299-A6B5-60D90DB768AF}.Debug|Any CPU.ActiveCfg = Debug|Any CPU
		{4C3FF74B-6CB0-4299-A6B5-60D90DB768AF}.Debug|Any CPU.Build.0 = Debug|Any CPU
		{4C3FF74B-6CB0-4299-A6B5-60D90DB768AF}.Debug|ARM.ActiveCfg = Debug|Any CPU
		{4C3FF74B-6CB0-4299-A6B5-60D90DB768AF}.Debug|ARM.Build.0 = Debug|Any CPU
		{4C3FF74B-6CB0-4299-A6B5-60D90DB768AF}.Debug|iPhone.ActiveCfg = Debug|Any CPU
		{4C3FF74B-6CB0-4299-A6B5-60D90DB768AF}.Debug|iPhone.Build.0 = Debug|Any CPU
		{4C3FF74B-6CB0-4299-A6B5-60D90DB768AF}.Debug|iPhoneSimulator.ActiveCfg = Debug|Any CPU
		{4C3FF74B-6CB0-4299-A6B5-60D90DB768AF}.Debug|iPhoneSimulator.Build.0 = Debug|Any CPU
		{4C3FF74B-6CB0-4299-A6B5-60D90DB768AF}.Debug|x64.ActiveCfg = Debug|Any CPU
		{4C3FF74B-6CB0-4299-A6B5-60D90DB768AF}.Debug|x64.Build.0 = Debug|Any CPU
		{4C3FF74B-6CB0-4299-A6B5-60D90DB768AF}.Debug|x86.ActiveCfg = Debug|Any CPU
		{4C3FF74B-6CB0-4299-A6B5-60D90DB768AF}.Debug|x86.Build.0 = Debug|Any CPU
		{4C3FF74B-6CB0-4299-A6B5-60D90DB768AF}.Release|Any CPU.ActiveCfg = Release|Any CPU
		{4C3FF74B-6CB0-4299-A6B5-60D90DB768AF}.Release|Any CPU.Build.0 = Release|Any CPU
		{4C3FF74B-6CB0-4299-A6B5-60D90DB768AF}.Release|ARM.ActiveCfg = Release|Any CPU
		{4C3FF74B-6CB0-4299-A6B5-60D90DB768AF}.Release|ARM.Build.0 = Release|Any CPU
		{4C3FF74B-6CB0-4299-A6B5-60D90DB768AF}.Release|iPhone.ActiveCfg = Release|Any CPU
		{4C3FF74B-6CB0-4299-A6B5-60D90DB768AF}.Release|iPhone.Build.0 = Release|Any CPU
		{4C3FF74B-6CB0-4299-A6B5-60D90DB768AF}.Release|iPhoneSimulator.ActiveCfg = Release|Any CPU
		{4C3FF74B-6CB0-4299-A6B5-60D90DB768AF}.Release|iPhoneSimulator.Build.0 = Release|Any CPU
		{4C3FF74B-6CB0-4299-A6B5-60D90DB768AF}.Release|x64.ActiveCfg = Release|Any CPU
		{4C3FF74B-6CB0-4299-A6B5-60D90DB768AF}.Release|x64.Build.0 = Release|Any CPU
		{4C3FF74B-6CB0-4299-A6B5-60D90DB768AF}.Release|x86.ActiveCfg = Release|Any CPU
		{4C3FF74B-6CB0-4299-A6B5-60D90DB768AF}.Release|x86.Build.0 = Release|Any CPU
	EndGlobalSection
	GlobalSection(SolutionProperties) = preSolution
		HideSolutionNode = FALSE
	EndGlobalSection
	GlobalSection(NestedProjects) = preSolution
		{7136CE40-2531-4F6F-91FF-C2CC894EF257} = {215381F9-22C7-4993-9E4F-D23472C8796E}
		{BC99ECE0-6DAB-4431-AB85-ED53BE0E2A3C} = {215381F9-22C7-4993-9E4F-D23472C8796E}
		{B224D430-209B-4291-A28D-DE75951096FF} = {215381F9-22C7-4993-9E4F-D23472C8796E}
	EndGlobalSection
EndGlobal
