
Microsoft Visual Studio Solution File, Format Version 12.00
# Visual Studio 14
VisualStudioVersion = 14.0.25123.0
MinimumVisualStudioVersion = 10.0.40219.1
Project("{2150E333-8FDC-42A3-9474-1A3956D46DE8}") = "Apis", "Apis", "{8C062804-4575-4D21-80F9-C3B4E8FC8042}"
EndProject
Project("{2150E333-8FDC-42A3-9474-1A3956D46DE8}") = "Apps", "Apps", "{61A6CFE3-3CBE-46D1-8C89-B3FC902651B8}"
EndProject
Project("{2150E333-8FDC-42A3-9474-1A3956D46DE8}") = "Windows10", "Windows10", "{84890D97-A017-4FA6-A8E5-0D0B737EA566}"
EndProject
Project("{FAE04EC0-301F-11D3-BF4B-00C04F79EFBC}") = "WoodenMoose", "Apps\Windows10\WoodenMoose\WoodenMoose.csproj", "{B263EFC9-0400-4B22-B923-E3BDE616EAD8}"
EndProject
Project("{FAE04EC0-301F-11D3-BF4B-00C04F79EFBC}") = "WoodenMoose.Core", "WoodenMoose.Core\WoodenMoose.Core.csproj", "{587FCBB0-4007-4296-A3F3-5A97F371A033}"
EndProject
Project("{FAE04EC0-301F-11D3-BF4B-00C04F79EFBC}") = "WoodenMoose.Core.UnitTests", "WoodenMoose.Core.UnitTests\WoodenMoose.Core.UnitTests.csproj", "{DA964BAA-1192-4569-9914-353F9BE9A1A0}"
EndProject
Project("{FAE04EC0-301F-11D3-BF4B-00C04F79EFBC}") = "WindowsStoreServices", "Apis\WindowsStoreServices\WindowsStoreServices.csproj", "{6BAF925F-0FB6-4A35-A683-F6F866ECE2EF}"
EndProject
Project("{8BB2217D-0F2D-49D1-97BC-3654ED321F3B}") = "WoodenMoose.Api", "Apis\WoodenMoose.Api\WoodenMoose.Api.xproj", "{83393E00-AB44-483A-BE41-D7DC0ED77A2C}"
EndProject
Global
	GlobalSection(SolutionConfigurationPlatforms) = preSolution
		Debug|Any CPU = Debug|Any CPU
		Debug|ARM = Debug|ARM
		Debug|iPhone = Debug|iPhone
		Debug|iPhoneSimulator = Debug|iPhoneSimulator
		Debug|x64 = Debug|x64
		Debug|x86 = Debug|x86
		Release|Any CPU = Release|Any CPU
		Release|ARM = Release|ARM
		Release|iPhone = Release|iPhone
		Release|iPhoneSimulator = Release|iPhoneSimulator
		Release|x64 = Release|x64
		Release|x86 = Release|x86
	EndGlobalSection
	GlobalSection(ProjectConfigurationPlatforms) = postSolution
		{B263EFC9-0400-4B22-B923-E3BDE616EAD8}.Debug|Any CPU.ActiveCfg = Debug|x86
		{B263EFC9-0400-4B22-B923-E3BDE616EAD8}.Debug|ARM.ActiveCfg = Debug|ARM
		{B263EFC9-0400-4B22-B923-E3BDE616EAD8}.Debug|ARM.Build.0 = Debug|ARM
		{B263EFC9-0400-4B22-B923-E3BDE616EAD8}.Debug|ARM.Deploy.0 = Debug|ARM
		{B263EFC9-0400-4B22-B923-E3BDE616EAD8}.Debug|iPhone.ActiveCfg = Debug|x86
		{B263EFC9-0400-4B22-B923-E3BDE616EAD8}.Debug|iPhoneSimulator.ActiveCfg = Debug|x86
		{B263EFC9-0400-4B22-B923-E3BDE616EAD8}.Debug|x64.ActiveCfg = Debug|x64
		{B263EFC9-0400-4B22-B923-E3BDE616EAD8}.Debug|x64.Build.0 = Debug|x64
		{B263EFC9-0400-4B22-B923-E3BDE616EAD8}.Debug|x64.Deploy.0 = Debug|x64
		{B263EFC9-0400-4B22-B923-E3BDE616EAD8}.Debug|x86.ActiveCfg = Debug|x86
		{B263EFC9-0400-4B22-B923-E3BDE616EAD8}.Debug|x86.Build.0 = Debug|x86
		{B263EFC9-0400-4B22-B923-E3BDE616EAD8}.Debug|x86.Deploy.0 = Debug|x86
		{B263EFC9-0400-4B22-B923-E3BDE616EAD8}.Release|Any CPU.ActiveCfg = Release|x86
		{B263EFC9-0400-4B22-B923-E3BDE616EAD8}.Release|ARM.ActiveCfg = Release|ARM
		{B263EFC9-0400-4B22-B923-E3BDE616EAD8}.Release|ARM.Build.0 = Release|ARM
		{B263EFC9-0400-4B22-B923-E3BDE616EAD8}.Release|ARM.Deploy.0 = Release|ARM
		{B263EFC9-0400-4B22-B923-E3BDE616EAD8}.Release|iPhone.ActiveCfg = Release|x86
		{B263EFC9-0400-4B22-B923-E3BDE616EAD8}.Release|iPhoneSimulator.ActiveCfg = Release|x86
		{B263EFC9-0400-4B22-B923-E3BDE616EAD8}.Release|x64.ActiveCfg = Release|x64
		{B263EFC9-0400-4B22-B923-E3BDE616EAD8}.Release|x64.Build.0 = Release|x64
		{B263EFC9-0400-4B22-B923-E3BDE616EAD8}.Release|x64.Deploy.0 = Release|x64
		{B263EFC9-0400-4B22-B923-E3BDE616EAD8}.Release|x86.ActiveCfg = Release|x86
		{B263EFC9-0400-4B22-B923-E3BDE616EAD8}.Release|x86.Build.0 = Release|x86
		{B263EFC9-0400-4B22-B923-E3BDE616EAD8}.Release|x86.Deploy.0 = Release|x86
		{587FCBB0-4007-4296-A3F3-5A97F371A033}.Debug|Any CPU.ActiveCfg = Debug|Any CPU
		{587FCBB0-4007-4296-A3F3-5A97F371A033}.Debug|Any CPU.Build.0 = Debug|Any CPU
		{587FCBB0-4007-4296-A3F3-5A97F371A033}.Debug|ARM.ActiveCfg = Debug|Any CPU
		{587FCBB0-4007-4296-A3F3-5A97F371A033}.Debug|ARM.Build.0 = Debug|Any CPU
		{587FCBB0-4007-4296-A3F3-5A97F371A033}.Debug|iPhone.ActiveCfg = Debug|Any CPU
		{587FCBB0-4007-4296-A3F3-5A97F371A033}.Debug|iPhone.Build.0 = Debug|Any CPU
		{587FCBB0-4007-4296-A3F3-5A97F371A033}.Debug|iPhoneSimulator.ActiveCfg = Debug|Any CPU
		{587FCBB0-4007-4296-A3F3-5A97F371A033}.Debug|iPhoneSimulator.Build.0 = Debug|Any CPU
		{587FCBB0-4007-4296-A3F3-5A97F371A033}.Debug|x64.ActiveCfg = Debug|Any CPU
		{587FCBB0-4007-4296-A3F3-5A97F371A033}.Debug|x64.Build.0 = Debug|Any CPU
		{587FCBB0-4007-4296-A3F3-5A97F371A033}.Debug|x86.ActiveCfg = Debug|Any CPU
		{587FCBB0-4007-4296-A3F3-5A97F371A033}.Debug|x86.Build.0 = Debug|Any CPU
		{587FCBB0-4007-4296-A3F3-5A97F371A033}.Release|Any CPU.ActiveCfg = Release|Any CPU
		{587FCBB0-4007-4296-A3F3-5A97F371A033}.Release|Any CPU.Build.0 = Release|Any CPU
		{587FCBB0-4007-4296-A3F3-5A97F371A033}.Release|ARM.ActiveCfg = Release|Any CPU
		{587FCBB0-4007-4296-A3F3-5A97F371A033}.Release|ARM.Build.0 = Release|Any CPU
		{587FCBB0-4007-4296-A3F3-5A97F371A033}.Release|iPhone.ActiveCfg = Release|Any CPU
		{587FCBB0-4007-4296-A3F3-5A97F371A033}.Release|iPhone.Build.0 = Release|Any CPU
		{587FCBB0-4007-4296-A3F3-5A97F371A033}.Release|iPhoneSimulator.ActiveCfg = Release|Any CPU
		{587FCBB0-4007-4296-A3F3-5A97F371A033}.Release|iPhoneSimulator.Build.0 = Release|Any CPU
		{587FCBB0-4007-4296-A3F3-5A97F371A033}.Release|x64.ActiveCfg = Release|Any CPU
		{587FCBB0-4007-4296-A3F3-5A97F371A033}.Release|x64.Build.0 = Release|Any CPU
		{587FCBB0-4007-4296-A3F3-5A97F371A033}.Release|x86.ActiveCfg = Release|Any CPU
		{587FCBB0-4007-4296-A3F3-5A97F371A033}.Release|x86.Build.0 = Release|Any CPU
		{DA964BAA-1192-4569-9914-353F9BE9A1A0}.Debug|Any CPU.ActiveCfg = Debug|Any CPU
		{DA964BAA-1192-4569-9914-353F9BE9A1A0}.Debug|Any CPU.Build.0 = Debug|Any CPU
		{DA964BAA-1192-4569-9914-353F9BE9A1A0}.Debug|ARM.ActiveCfg = Debug|Any CPU
		{DA964BAA-1192-4569-9914-353F9BE9A1A0}.Debug|ARM.Build.0 = Debug|Any CPU
		{DA964BAA-1192-4569-9914-353F9BE9A1A0}.Debug|iPhone.ActiveCfg = Debug|Any CPU
		{DA964BAA-1192-4569-9914-353F9BE9A1A0}.Debug|iPhone.Build.0 = Debug|Any CPU
		{DA964BAA-1192-4569-9914-353F9BE9A1A0}.Debug|iPhoneSimulator.ActiveCfg = Debug|Any CPU
		{DA964BAA-1192-4569-9914-353F9BE9A1A0}.Debug|iPhoneSimulator.Build.0 = Debug|Any CPU
		{DA964BAA-1192-4569-9914-353F9BE9A1A0}.Debug|x64.ActiveCfg = Debug|Any CPU
		{DA964BAA-1192-4569-9914-353F9BE9A1A0}.Debug|x64.Build.0 = Debug|Any CPU
		{DA964BAA-1192-4569-9914-353F9BE9A1A0}.Debug|x86.ActiveCfg = Debug|Any CPU
		{DA964BAA-1192-4569-9914-353F9BE9A1A0}.Debug|x86.Build.0 = Debug|Any CPU
		{DA964BAA-1192-4569-9914-353F9BE9A1A0}.Release|Any CPU.ActiveCfg = Release|Any CPU
		{DA964BAA-1192-4569-9914-353F9BE9A1A0}.Release|Any CPU.Build.0 = Release|Any CPU
		{DA964BAA-1192-4569-9914-353F9BE9A1A0}.Release|ARM.ActiveCfg = Release|Any CPU
		{DA964BAA-1192-4569-9914-353F9BE9A1A0}.Release|ARM.Build.0 = Release|Any CPU
		{DA964BAA-1192-4569-9914-353F9BE9A1A0}.Release|iPhone.ActiveCfg = Release|Any CPU
		{DA964BAA-1192-4569-9914-353F9BE9A1A0}.Release|iPhone.Build.0 = Release|Any CPU
		{DA964BAA-1192-4569-9914-353F9BE9A1A0}.Release|iPhoneSimulator.ActiveCfg = Release|Any CPU
		{DA964BAA-1192-4569-9914-353F9BE9A1A0}.Release|iPhoneSimulator.Build.0 = Release|Any CPU
		{DA964BAA-1192-4569-9914-353F9BE9A1A0}.Release|x64.ActiveCfg = Release|Any CPU
		{DA964BAA-1192-4569-9914-353F9BE9A1A0}.Release|x64.Build.0 = Release|Any CPU
		{DA964BAA-1192-4569-9914-353F9BE9A1A0}.Release|x86.ActiveCfg = Release|Any CPU
		{DA964BAA-1192-4569-9914-353F9BE9A1A0}.Release|x86.Build.0 = Release|Any CPU
		{6BAF925F-0FB6-4A35-A683-F6F866ECE2EF}.Debug|Any CPU.ActiveCfg = Debug|Any CPU
		{6BAF925F-0FB6-4A35-A683-F6F866ECE2EF}.Debug|Any CPU.Build.0 = Debug|Any CPU
		{6BAF925F-0FB6-4A35-A683-F6F866ECE2EF}.Debug|ARM.ActiveCfg = Debug|Any CPU
		{6BAF925F-0FB6-4A35-A683-F6F866ECE2EF}.Debug|ARM.Build.0 = Debug|Any CPU
		{6BAF925F-0FB6-4A35-A683-F6F866ECE2EF}.Debug|iPhone.ActiveCfg = Debug|Any CPU
		{6BAF925F-0FB6-4A35-A683-F6F866ECE2EF}.Debug|iPhone.Build.0 = Debug|Any CPU
		{6BAF925F-0FB6-4A35-A683-F6F866ECE2EF}.Debug|iPhoneSimulator.ActiveCfg = Debug|Any CPU
		{6BAF925F-0FB6-4A35-A683-F6F866ECE2EF}.Debug|iPhoneSimulator.Build.0 = Debug|Any CPU
		{6BAF925F-0FB6-4A35-A683-F6F866ECE2EF}.Debug|x64.ActiveCfg = Debug|Any CPU
		{6BAF925F-0FB6-4A35-A683-F6F866ECE2EF}.Debug|x64.Build.0 = Debug|Any CPU
		{6BAF925F-0FB6-4A35-A683-F6F866ECE2EF}.Debug|x86.ActiveCfg = Debug|Any CPU
		{6BAF925F-0FB6-4A35-A683-F6F866ECE2EF}.Debug|x86.Build.0 = Debug|Any CPU
		{6BAF925F-0FB6-4A35-A683-F6F866ECE2EF}.Release|Any CPU.ActiveCfg = Release|Any CPU
		{6BAF925F-0FB6-4A35-A683-F6F866ECE2EF}.Release|Any CPU.Build.0 = Release|Any CPU
		{6BAF925F-0FB6-4A35-A683-F6F866ECE2EF}.Release|ARM.ActiveCfg = Release|Any CPU
		{6BAF925F-0FB6-4A35-A683-F6F866ECE2EF}.Release|ARM.Build.0 = Release|Any CPU
		{6BAF925F-0FB6-4A35-A683-F6F866ECE2EF}.Release|iPhone.ActiveCfg = Release|Any CPU
		{6BAF925F-0FB6-4A35-A683-F6F866ECE2EF}.Release|iPhone.Build.0 = Release|Any CPU
		{6BAF925F-0FB6-4A35-A683-F6F866ECE2EF}.Release|iPhoneSimulator.ActiveCfg = Release|Any CPU
		{6BAF925F-0FB6-4A35-A683-F6F866ECE2EF}.Release|iPhoneSimulator.Build.0 = Release|Any CPU
		{6BAF925F-0FB6-4A35-A683-F6F866ECE2EF}.Release|x64.ActiveCfg = Release|Any CPU
		{6BAF925F-0FB6-4A35-A683-F6F866ECE2EF}.Release|x64.Build.0 = Release|Any CPU
		{6BAF925F-0FB6-4A35-A683-F6F866ECE2EF}.Release|x86.ActiveCfg = Release|Any CPU
		{6BAF925F-0FB6-4A35-A683-F6F866ECE2EF}.Release|x86.Build.0 = Release|Any CPU
		{83393E00-AB44-483A-BE41-D7DC0ED77A2C}.Debug|Any CPU.ActiveCfg = Debug|Any CPU
		{83393E00-AB44-483A-BE41-D7DC0ED77A2C}.Debug|Any CPU.Build.0 = Debug|Any CPU
		{83393E00-AB44-483A-BE41-D7DC0ED77A2C}.Debug|ARM.ActiveCfg = Debug|Any CPU
		{83393E00-AB44-483A-BE41-D7DC0ED77A2C}.Debug|ARM.Build.0 = Debug|Any CPU
		{83393E00-AB44-483A-BE41-D7DC0ED77A2C}.Debug|iPhone.ActiveCfg = Debug|Any CPU
		{83393E00-AB44-483A-BE41-D7DC0ED77A2C}.Debug|iPhone.Build.0 = Debug|Any CPU
		{83393E00-AB44-483A-BE41-D7DC0ED77A2C}.Debug|iPhoneSimulator.ActiveCfg = Debug|Any CPU
		{83393E00-AB44-483A-BE41-D7DC0ED77A2C}.Debug|iPhoneSimulator.Build.0 = Debug|Any CPU
		{83393E00-AB44-483A-BE41-D7DC0ED77A2C}.Debug|x64.ActiveCfg = Debug|Any CPU
		{83393E00-AB44-483A-BE41-D7DC0ED77A2C}.Debug|x64.Build.0 = Debug|Any CPU
		{83393E00-AB44-483A-BE41-D7DC0ED77A2C}.Debug|x86.ActiveCfg = Debug|Any CPU
		{83393E00-AB44-483A-BE41-D7DC0ED77A2C}.Debug|x86.Build.0 = Debug|Any CPU
		{83393E00-AB44-483A-BE41-D7DC0ED77A2C}.Release|Any CPU.ActiveCfg = Release|Any CPU
		{83393E00-AB44-483A-BE41-D7DC0ED77A2C}.Release|Any CPU.Build.0 = Release|Any CPU
		{83393E00-AB44-483A-BE41-D7DC0ED77A2C}.Release|ARM.ActiveCfg = Release|Any CPU
		{83393E00-AB44-483A-BE41-D7DC0ED77A2C}.Release|ARM.Build.0 = Release|Any CPU
		{83393E00-AB44-483A-BE41-D7DC0ED77A2C}.Release|iPhone.ActiveCfg = Release|Any CPU
		{83393E00-AB44-483A-BE41-D7DC0ED77A2C}.Release|iPhone.Build.0 = Release|Any CPU
		{83393E00-AB44-483A-BE41-D7DC0ED77A2C}.Release|iPhoneSimulator.ActiveCfg = Release|Any CPU
		{83393E00-AB44-483A-BE41-D7DC0ED77A2C}.Release|iPhoneSimulator.Build.0 = Release|Any CPU
		{83393E00-AB44-483A-BE41-D7DC0ED77A2C}.Release|x64.ActiveCfg = Release|Any CPU
		{83393E00-AB44-483A-BE41-D7DC0ED77A2C}.Release|x64.Build.0 = Release|Any CPU
		{83393E00-AB44-483A-BE41-D7DC0ED77A2C}.Release|x86.ActiveCfg = Release|Any CPU
		{83393E00-AB44-483A-BE41-D7DC0ED77A2C}.Release|x86.Build.0 = Release|Any CPU
	EndGlobalSection
	GlobalSection(SolutionProperties) = preSolution
		HideSolutionNode = FALSE
	EndGlobalSection
	GlobalSection(NestedProjects) = preSolution
		{84890D97-A017-4FA6-A8E5-0D0B737EA566} = {61A6CFE3-3CBE-46D1-8C89-B3FC902651B8}
		{B263EFC9-0400-4B22-B923-E3BDE616EAD8} = {84890D97-A017-4FA6-A8E5-0D0B737EA566}
		{6BAF925F-0FB6-4A35-A683-F6F866ECE2EF} = {8C062804-4575-4D21-80F9-C3B4E8FC8042}
		{83393E00-AB44-483A-BE41-D7DC0ED77A2C} = {8C062804-4575-4D21-80F9-C3B4E8FC8042}
	EndGlobalSection
EndGlobal
